// !$*UTF8*$!
{
	archiveVersion = 1;
	classes = {
	};
	objectVersion = 56;
	objects = {

/* Begin PBXBuildFile section */
		C74726182BE8C58000B0D546 /* Squared away.swift in Sources */ = {isa = PBXBuildFile; fileRef = C74726172BE8C58000B0D546 /* Squared away.swift */; };
		C747261A2BE8C59800B0D546 /* Squared away tests.swift in Sources */ = {isa = PBXBuildFile; fileRef = C74726192BE8C59800B0D546 /* Squared away tests.swift */; };
		C747261B2BE8C60B00B0D546 /* Squared away.swift in Sources */ = {isa = PBXBuildFile; fileRef = C74726172BE8C58000B0D546 /* Squared away.swift */; };
		C75FEB782BDBBBD5003427E9 /* main.swift in Sources */ = {isa = PBXBuildFile; fileRef = C75FEB772BDBBBD5003427E9 /* main.swift */; };
		C75FEB7F2BDBBBEF003427E9 /* Champernowne's word.swift in Sources */ = {isa = PBXBuildFile; fileRef = C75FEB7E2BDBBBEF003427E9 /* Champernowne's word.swift */; };
		C75FEB8C2BDBBC7E003427E9 /* Champernowne's word tests.swift in Sources */ = {isa = PBXBuildFile; fileRef = C75FEB8B2BDBBC7E003427E9 /* Champernowne's word tests.swift */; };
		C75FEB8D2BDBBE83003427E9 /* Champernowne's word.swift in Sources */ = {isa = PBXBuildFile; fileRef = C75FEB7E2BDBBBEF003427E9 /* Champernowne's word.swift */; };
		C7C967402BF2021700810F81 /* Rasterized Voronoi diagrams.swift in Sources */ = {isa = PBXBuildFile; fileRef = C7C9673F2BF2021700810F81 /* Rasterized Voronoi diagrams.swift */; };
		C7C967422BF2022700810F81 /* Rasteried Voronoi diagrams tests.swift in Sources */ = {isa = PBXBuildFile; fileRef = C7C967412BF2022700810F81 /* Rasteried Voronoi diagrams tests.swift */; };
		C7C967432BF21A4D00810F81 /* Rasterized Voronoi diagrams.swift in Sources */ = {isa = PBXBuildFile; fileRef = C7C9673F2BF2021700810F81 /* Rasterized Voronoi diagrams.swift */; };
/* End PBXBuildFile section */

/* Begin PBXCopyFilesBuildPhase section */
		C75FEB722BDBBBD5003427E9 /* CopyFiles */ = {
			isa = PBXCopyFilesBuildPhase;
			buildActionMask = 2147483647;
			dstPath = /usr/share/man/man1/;
			dstSubfolderSpec = 0;
			files = (
			);
			runOnlyForDeploymentPostprocessing = 1;
		};
/* End PBXCopyFilesBuildPhase section */

/* Begin PBXFileReference section */
		C74726172BE8C58000B0D546 /* Squared away.swift */ = {isa = PBXFileReference; lastKnownFileType = sourcecode.swift; path = "Squared away.swift"; sourceTree = "<group>"; };
		C74726192BE8C59800B0D546 /* Squared away tests.swift */ = {isa = PBXFileReference; lastKnownFileType = sourcecode.swift; path = "Squared away tests.swift"; sourceTree = "<group>"; };
		C75FEB742BDBBBD5003427E9 /* ifelse */ = {isa = PBXFileReference; explicitFileType = "compiled.mach-o.executable"; includeInIndex = 0; path = ifelse; sourceTree = BUILT_PRODUCTS_DIR; };
		C75FEB772BDBBBD5003427E9 /* main.swift */ = {isa = PBXFileReference; lastKnownFileType = sourcecode.swift; path = main.swift; sourceTree = "<group>"; };
		C75FEB7E2BDBBBEF003427E9 /* Champernowne's word.swift */ = {isa = PBXFileReference; lastKnownFileType = sourcecode.swift; path = "Champernowne's word.swift"; sourceTree = "<group>"; };
		C75FEB842BDBBC39003427E9 /* IfElseTests.xctest */ = {isa = PBXFileReference; explicitFileType = wrapper.cfbundle; includeInIndex = 0; path = IfElseTests.xctest; sourceTree = BUILT_PRODUCTS_DIR; };
		C75FEB8B2BDBBC7E003427E9 /* Champernowne's word tests.swift */ = {isa = PBXFileReference; lastKnownFileType = sourcecode.swift; path = "Champernowne's word tests.swift"; sourceTree = "<group>"; };
		C7C9673F2BF2021700810F81 /* Rasterized Voronoi diagrams.swift */ = {isa = PBXFileReference; lastKnownFileType = sourcecode.swift; path = "Rasterized Voronoi diagrams.swift"; sourceTree = "<group>"; };
		C7C967412BF2022700810F81 /* Rasteried Voronoi diagrams tests.swift */ = {isa = PBXFileReference; lastKnownFileType = sourcecode.swift; path = "Rasteried Voronoi diagrams tests.swift"; sourceTree = "<group>"; };
/* End PBXFileReference section */

/* Begin PBXFrameworksBuildPhase section */
		C75FEB712BDBBBD5003427E9 /* Frameworks */ = {
			isa = PBXFrameworksBuildPhase;
			buildActionMask = 2147483647;
			files = (
			);
			runOnlyForDeploymentPostprocessing = 0;
		};
		C75FEB812BDBBC39003427E9 /* Frameworks */ = {
			isa = PBXFrameworksBuildPhase;
			buildActionMask = 2147483647;
			files = (
			);
			runOnlyForDeploymentPostprocessing = 0;
		};
/* End PBXFrameworksBuildPhase section */

/* Begin PBXGroup section */
		C75FEB6B2BDBBBD5003427E9 = {
			isa = PBXGroup;
			children = (
				C75FEB762BDBBBD5003427E9 /* IfElse */,
				C75FEB852BDBBC39003427E9 /* IfElseTests */,
				C75FEB752BDBBBD5003427E9 /* Products */,
			);
			sourceTree = "<group>";
		};
		C75FEB752BDBBBD5003427E9 /* Products */ = {
			isa = PBXGroup;
			children = (
				C75FEB742BDBBBD5003427E9 /* ifelse */,
				C75FEB842BDBBC39003427E9 /* IfElseTests.xctest */,
			);
			name = Products;
			sourceTree = "<group>";
		};
		C75FEB762BDBBBD5003427E9 /* IfElse */ = {
			isa = PBXGroup;
			children = (
				C75FEB7E2BDBBBEF003427E9 /* Champernowne's word.swift */,
				C75FEB772BDBBBD5003427E9 /* main.swift */,
				C7C9673F2BF2021700810F81 /* Rasterized Voronoi diagrams.swift */,
				C74726172BE8C58000B0D546 /* Squared away.swift */,
			);
			path = IfElse;
			sourceTree = "<group>";
		};
		C75FEB852BDBBC39003427E9 /* IfElseTests */ = {
			isa = PBXGroup;
			children = (
				C75FEB8B2BDBBC7E003427E9 /* Champernowne's word tests.swift */,
				C7C967412BF2022700810F81 /* Rasteried Voronoi diagrams tests.swift */,
				C74726192BE8C59800B0D546 /* Squared away tests.swift */,
			);
			path = IfElseTests;
			sourceTree = "<group>";
		};
/* End PBXGroup section */

/* Begin PBXNativeTarget section */
		C75FEB732BDBBBD5003427E9 /* IfElse */ = {
			isa = PBXNativeTarget;
			buildConfigurationList = C75FEB7B2BDBBBD5003427E9 /* Build configuration list for PBXNativeTarget "IfElse" */;
			buildPhases = (
				C75FEB702BDBBBD5003427E9 /* Sources */,
				C75FEB712BDBBBD5003427E9 /* Frameworks */,
				C75FEB722BDBBBD5003427E9 /* CopyFiles */,
			);
			buildRules = (
			);
			dependencies = (
			);
			name = IfElse;
			productName = IfElse;
			productReference = C75FEB742BDBBBD5003427E9 /* ifelse */;
			productType = "com.apple.product-type.tool";
		};
		C75FEB832BDBBC39003427E9 /* IfElseTests */ = {
			isa = PBXNativeTarget;
			buildConfigurationList = C75FEB882BDBBC39003427E9 /* Build configuration list for PBXNativeTarget "IfElseTests" */;
			buildPhases = (
				C75FEB802BDBBC39003427E9 /* Sources */,
				C75FEB812BDBBC39003427E9 /* Frameworks */,
				C75FEB822BDBBC39003427E9 /* Resources */,
			);
			buildRules = (
			);
			dependencies = (
			);
			name = IfElseTests;
			productName = IfElseTests;
			productReference = C75FEB842BDBBC39003427E9 /* IfElseTests.xctest */;
			productType = "com.apple.product-type.bundle.unit-test";
		};
/* End PBXNativeTarget section */

/* Begin PBXProject section */
		C75FEB6C2BDBBBD5003427E9 /* Project object */ = {
			isa = PBXProject;
			attributes = {
				BuildIndependentTargetsInParallel = 1;
				LastSwiftUpdateCheck = 1530;
				LastUpgradeCheck = 1530;
				TargetAttributes = {
					C75FEB732BDBBBD5003427E9 = {
						CreatedOnToolsVersion = 15.3;
					};
					C75FEB832BDBBC39003427E9 = {
						CreatedOnToolsVersion = 15.3;
						LastSwiftMigration = 1530;
					};
				};
			};
			buildConfigurationList = C75FEB6F2BDBBBD5003427E9 /* Build configuration list for PBXProject "IfElse" */;
			compatibilityVersion = "Xcode 14.0";
			developmentRegion = en;
			hasScannedForEncodings = 0;
			knownRegions = (
				en,
				Base,
			);
			mainGroup = C75FEB6B2BDBBBD5003427E9;
			productRefGroup = C75FEB752BDBBBD5003427E9 /* Products */;
			projectDirPath = "";
			projectRoot = "";
			targets = (
				C75FEB732BDBBBD5003427E9 /* IfElse */,
				C75FEB832BDBBC39003427E9 /* IfElseTests */,
			);
		};
/* End PBXProject section */

/* Begin PBXResourcesBuildPhase section */
		C75FEB822BDBBC39003427E9 /* Resources */ = {
			isa = PBXResourcesBuildPhase;
			buildActionMask = 2147483647;
			files = (
			);
			runOnlyForDeploymentPostprocessing = 0;
		};
/* End PBXResourcesBuildPhase section */

/* Begin PBXSourcesBuildPhase section */
		C75FEB702BDBBBD5003427E9 /* Sources */ = {
			isa = PBXSourcesBuildPhase;
			buildActionMask = 2147483647;
			files = (
				C75FEB7F2BDBBBEF003427E9 /* Champernowne's word.swift in Sources */,
				C75FEB782BDBBBD5003427E9 /* main.swift in Sources */,
				C74726182BE8C58000B0D546 /* Squared away.swift in Sources */,
				C7C967402BF2021700810F81 /* Rasterized Voronoi diagrams.swift in Sources */,
			);
			runOnlyForDeploymentPostprocessing = 0;
		};
		C75FEB802BDBBC39003427E9 /* Sources */ = {
			isa = PBXSourcesBuildPhase;
			buildActionMask = 2147483647;
			files = (
				C7C967432BF21A4D00810F81 /* Rasterized Voronoi diagrams.swift in Sources */,
				C747261B2BE8C60B00B0D546 /* Squared away.swift in Sources */,
				C7C967422BF2022700810F81 /* Rasteried Voronoi diagrams tests.swift in Sources */,
				C747261A2BE8C59800B0D546 /* Squared away tests.swift in Sources */,
				C75FEB8D2BDBBE83003427E9 /* Champernowne's word.swift in Sources */,
				C75FEB8C2BDBBC7E003427E9 /* Champernowne's word tests.swift in Sources */,
			);
			runOnlyForDeploymentPostprocessing = 0;
		};
/* End PBXSourcesBuildPhase section */

/* Begin XCBuildConfiguration section */
		C75FEB792BDBBBD5003427E9 /* Debug */ = {
			isa = XCBuildConfiguration;
			buildSettings = {
				ALWAYS_SEARCH_USER_PATHS = NO;
				ASSETCATALOG_COMPILER_GENERATE_SWIFT_ASSET_SYMBOL_EXTENSIONS = YES;
				CLANG_ANALYZER_NONNULL = YES;
				CLANG_ANALYZER_NUMBER_OBJECT_CONVERSION = YES_AGGRESSIVE;
				CLANG_CXX_LANGUAGE_STANDARD = "gnu++20";
				CLANG_ENABLE_MODULES = YES;
				CLANG_ENABLE_OBJC_ARC = YES;
				CLANG_ENABLE_OBJC_WEAK = YES;
				CLANG_WARN_BLOCK_CAPTURE_AUTORELEASING = YES;
				CLANG_WARN_BOOL_CONVERSION = YES;
				CLANG_WARN_COMMA = YES;
				CLANG_WARN_CONSTANT_CONVERSION = YES;
				CLANG_WARN_DEPRECATED_OBJC_IMPLEMENTATIONS = YES;
				CLANG_WARN_DIRECT_OBJC_ISA_USAGE = YES_ERROR;
				CLANG_WARN_DOCUMENTATION_COMMENTS = YES;
				CLANG_WARN_EMPTY_BODY = YES;
				CLANG_WARN_ENUM_CONVERSION = YES;
				CLANG_WARN_INFINITE_RECURSION = YES;
				CLANG_WARN_INT_CONVERSION = YES;
				CLANG_WARN_NON_LITERAL_NULL_CONVERSION = YES;
				CLANG_WARN_OBJC_IMPLICIT_RETAIN_SELF = YES;
				CLANG_WARN_OBJC_LITERAL_CONVERSION = YES;
				CLANG_WARN_OBJC_ROOT_CLASS = YES_ERROR;
				CLANG_WARN_QUOTED_INCLUDE_IN_FRAMEWORK_HEADER = YES;
				CLANG_WARN_RANGE_LOOP_ANALYSIS = YES;
				CLANG_WARN_STRICT_PROTOTYPES = YES;
				CLANG_WARN_SUSPICIOUS_MOVE = YES;
				CLANG_WARN_UNGUARDED_AVAILABILITY = YES_AGGRESSIVE;
				CLANG_WARN_UNREACHABLE_CODE = YES;
				CLANG_WARN__DUPLICATE_METHOD_MATCH = YES;
				COPY_PHASE_STRIP = NO;
				DEBUG_INFORMATION_FORMAT = dwarf;
				ENABLE_STRICT_OBJC_MSGSEND = YES;
				ENABLE_TESTABILITY = YES;
				ENABLE_USER_SCRIPT_SANDBOXING = YES;
				GCC_C_LANGUAGE_STANDARD = gnu17;
				GCC_DYNAMIC_NO_PIC = NO;
				GCC_NO_COMMON_BLOCKS = YES;
				GCC_OPTIMIZATION_LEVEL = 0;
				GCC_PREPROCESSOR_DEFINITIONS = (
					"DEBUG=1",
					"$(inherited)",
				);
				GCC_WARN_64_TO_32_BIT_CONVERSION = YES;
				GCC_WARN_ABOUT_RETURN_TYPE = YES_ERROR;
				GCC_WARN_UNDECLARED_SELECTOR = YES;
				GCC_WARN_UNINITIALIZED_AUTOS = YES_AGGRESSIVE;
				GCC_WARN_UNUSED_FUNCTION = YES;
				GCC_WARN_UNUSED_VARIABLE = YES;
				LOCALIZATION_PREFERS_STRING_CATALOGS = YES;
				MACOSX_DEPLOYMENT_TARGET = 14.4;
				MTL_ENABLE_DEBUG_INFO = INCLUDE_SOURCE;
				MTL_FAST_MATH = YES;
				ONLY_ACTIVE_ARCH = YES;
				SDKROOT = macosx;
				SWIFT_ACTIVE_COMPILATION_CONDITIONS = "DEBUG $(inherited)";
				SWIFT_OPTIMIZATION_LEVEL = "-Onone";
			};
			name = Debug;
		};
		C75FEB7A2BDBBBD5003427E9 /* Release */ = {
			isa = XCBuildConfiguration;
			buildSettings = {
				ALWAYS_SEARCH_USER_PATHS = NO;
				ASSETCATALOG_COMPILER_GENERATE_SWIFT_ASSET_SYMBOL_EXTENSIONS = YES;
				CLANG_ANALYZER_NONNULL = YES;
				CLANG_ANALYZER_NUMBER_OBJECT_CONVERSION = YES_AGGRESSIVE;
				CLANG_CXX_LANGUAGE_STANDARD = "gnu++20";
				CLANG_ENABLE_MODULES = YES;
				CLANG_ENABLE_OBJC_ARC = YES;
				CLANG_ENABLE_OBJC_WEAK = YES;
				CLANG_WARN_BLOCK_CAPTURE_AUTORELEASING = YES;
				CLANG_WARN_BOOL_CONVERSION = YES;
				CLANG_WARN_COMMA = YES;
				CLANG_WARN_CONSTANT_CONVERSION = YES;
				CLANG_WARN_DEPRECATED_OBJC_IMPLEMENTATIONS = YES;
				CLANG_WARN_DIRECT_OBJC_ISA_USAGE = YES_ERROR;
				CLANG_WARN_DOCUMENTATION_COMMENTS = YES;
				CLANG_WARN_EMPTY_BODY = YES;
				CLANG_WARN_ENUM_CONVERSION = YES;
				CLANG_WARN_INFINITE_RECURSION = YES;
				CLANG_WARN_INT_CONVERSION = YES;
				CLANG_WARN_NON_LITERAL_NULL_CONVERSION = YES;
				CLANG_WARN_OBJC_IMPLICIT_RETAIN_SELF = YES;
				CLANG_WARN_OBJC_LITERAL_CONVERSION = YES;
				CLANG_WARN_OBJC_ROOT_CLASS = YES_ERROR;
				CLANG_WARN_QUOTED_INCLUDE_IN_FRAMEWORK_HEADER = YES;
				CLANG_WARN_RANGE_LOOP_ANALYSIS = YES;
				CLANG_WARN_STRICT_PROTOTYPES = YES;
				CLANG_WARN_SUSPICIOUS_MOVE = YES;
				CLANG_WARN_UNGUARDED_AVAILABILITY = YES_AGGRESSIVE;
				CLANG_WARN_UNREACHABLE_CODE = YES;
				CLANG_WARN__DUPLICATE_METHOD_MATCH = YES;
				COPY_PHASE_STRIP = NO;
				DEBUG_INFORMATION_FORMAT = "dwarf-with-dsym";
				ENABLE_NS_ASSERTIONS = NO;
				ENABLE_STRICT_OBJC_MSGSEND = YES;
				ENABLE_USER_SCRIPT_SANDBOXING = YES;
				GCC_C_LANGUAGE_STANDARD = gnu17;
				GCC_NO_COMMON_BLOCKS = YES;
				GCC_WARN_64_TO_32_BIT_CONVERSION = YES;
				GCC_WARN_ABOUT_RETURN_TYPE = YES_ERROR;
				GCC_WARN_UNDECLARED_SELECTOR = YES;
				GCC_WARN_UNINITIALIZED_AUTOS = YES_AGGRESSIVE;
				GCC_WARN_UNUSED_FUNCTION = YES;
				GCC_WARN_UNUSED_VARIABLE = YES;
				LOCALIZATION_PREFERS_STRING_CATALOGS = YES;
				MACOSX_DEPLOYMENT_TARGET = 14.4;
				MTL_ENABLE_DEBUG_INFO = NO;
				MTL_FAST_MATH = YES;
				SDKROOT = macosx;
				SWIFT_COMPILATION_MODE = wholemodule;
			};
			name = Release;
		};
		C75FEB7C2BDBBBD5003427E9 /* Debug */ = {
			isa = XCBuildConfiguration;
			buildSettings = {
				CODE_SIGN_STYLE = Automatic;
				DEVELOPMENT_TEAM = N32ZX49MZ9;
				ENABLE_HARDENED_RUNTIME = YES;
				PRODUCT_NAME = ifelse;
				SWIFT_VERSION = 5.0;
			};
			name = Debug;
		};
		C75FEB7D2BDBBBD5003427E9 /* Release */ = {
			isa = XCBuildConfiguration;
			buildSettings = {
				CODE_SIGN_STYLE = Automatic;
				DEVELOPMENT_TEAM = N32ZX49MZ9;
				ENABLE_HARDENED_RUNTIME = YES;
				PRODUCT_NAME = ifelse;
				SWIFT_OPTIMIZATION_LEVEL = "-O";
				SWIFT_VERSION = 5.0;
			};
			name = Release;
		};
		C75FEB892BDBBC39003427E9 /* Debug */ = {
			isa = XCBuildConfiguration;
			buildSettings = {
				CLANG_ENABLE_MODULES = YES;
				CODE_SIGN_STYLE = Automatic;
				CURRENT_PROJECT_VERSION = 1;
				DEVELOPMENT_TEAM = N32ZX49MZ9;
				GENERATE_INFOPLIST_FILE = YES;
				MARKETING_VERSION = 1.0;
				PRODUCT_BUNDLE_IDENTIFIER = com.unity3d.IfElseTests;
				PRODUCT_NAME = "$(TARGET_NAME)";
				SWIFT_EMIT_LOC_STRINGS = NO;
				SWIFT_OPTIMIZATION_LEVEL = "-Onone";
				SWIFT_VERSION = 5.0;
			};
			name = Debug;
		};
		C75FEB8A2BDBBC39003427E9 /* Release */ = {
			isa = XCBuildConfiguration;
			buildSettings = {
				CLANG_ENABLE_MODULES = YES;
				CODE_SIGN_STYLE = Automatic;
				CURRENT_PROJECT_VERSION = 1;
				DEVELOPMENT_TEAM = N32ZX49MZ9;
				GENERATE_INFOPLIST_FILE = YES;
				MARKETING_VERSION = 1.0;
				PRODUCT_BUNDLE_IDENTIFIER = com.unity3d.IfElseTests;
				PRODUCT_NAME = "$(TARGET_NAME)";
				SWIFT_EMIT_LOC_STRINGS = NO;
				SWIFT_VERSION = 5.0;
			};
			name = Release;
		};
/* End XCBuildConfiguration section */

/* Begin XCConfigurationList section */
		C75FEB6F2BDBBBD5003427E9 /* Build configuration list for PBXProject "IfElse" */ = {
			isa = XCConfigurationList;
			buildConfigurations = (
				C75FEB792BDBBBD5003427E9 /* Debug */,
				C75FEB7A2BDBBBD5003427E9 /* Release */,
			);
			defaultConfigurationIsVisible = 0;
			defaultConfigurationName = Release;
		};
		C75FEB7B2BDBBBD5003427E9 /* Build configuration list for PBXNativeTarget "IfElse" */ = {
			isa = XCConfigurationList;
			buildConfigurations = (
				C75FEB7C2BDBBBD5003427E9 /* Debug */,
				C75FEB7D2BDBBBD5003427E9 /* Release */,
			);
			defaultConfigurationIsVisible = 0;
			defaultConfigurationName = Release;
		};
		C75FEB882BDBBC39003427E9 /* Build configuration list for PBXNativeTarget "IfElseTests" */ = {
			isa = XCConfigurationList;
			buildConfigurations = (
				C75FEB892BDBBC39003427E9 /* Debug */,
				C75FEB8A2BDBBC39003427E9 /* Release */,
			);
			defaultConfigurationIsVisible = 0;
			defaultConfigurationName = Release;
		};
/* End XCConfigurationList section */
	};
	rootObject = C75FEB6C2BDBBBD5003427E9 /* Project object */;
}
